
Microsoft Visual Studio Solution File, Format Version 12.00
# Visual Studio Version 17
VisualStudioVersion = 17.0.31612.314
MinimumVisualStudioVersion = 10.0.40219.1
Project("{2150E333-8FDC-42A3-9474-1A3956D46DE8}") = "Solution Items", "Solution Items", "{AB17EA92-78D8-405A-A0E6-2CAE2A31528A}"
	ProjectSection(SolutionItems) = preProject
		.editorconfig = .editorconfig
	EndProjectSection
EndProject
Project("{9A19103F-16F7-4668-BE54-9A1E7A4F7556}") = "Classes", "Classes\Classes.csproj", "{F6B59380-49D1-4C31-84BF-CCDFC2493731}"
EndProject
Project("{9A19103F-16F7-4668-BE54-9A1E7A4F7556}") = "JustMockTestCases", "JustMockTestCases\JustMockTestCases.csproj", "{C32102DB-DF1F-4739-A06E-6679117B32F0}"
EndProject
Project("{9A19103F-16F7-4668-BE54-9A1E7A4F7556}") = "NUnitTestCases", "NUnitTestCases\NUnitTestCases.csproj", "{24E3C975-2D15-430B-B451-7E46CAE74D4C}"
EndProject
Project("{9A19103F-16F7-4668-BE54-9A1E7A4F7556}") = "RhinoMocksTestCases", "RhinoMocksTestCases\RhinoMocksTestCases.csproj", "{3C3DA31F-0B80-43EC-929A-CD156DFC04E6}"
EndProject
Project("{9A19103F-16F7-4668-BE54-9A1E7A4F7556}") = "NSubstituteTestCases", "NSubstituteTestCases\NSubstituteTestCases.csproj", "{505A7BDA-DB86-4DD0-BABE-904A13F7AF45}"
EndProject
Project("{9A19103F-16F7-4668-BE54-9A1E7A4F7556}") = "MoqTestCases", "MoqTestCases\MoqTestCases.csproj", "{B2E37A97-87C9-4622-A44C-7E601F470292}"
EndProject
Project("{9A19103F-16F7-4668-BE54-9A1E7A4F7556}") = "AutoMoqTestCases", "AutoMoqTestCases\AutoMoqTestCases.csproj", "{B7F0FE83-E72A-4823-8538-13B0CA16BA01}"
EndProject
Project("{9A19103F-16F7-4668-BE54-9A1E7A4F7556}") = "NoFrameworkTestCases", "NoFrameworkTestCases\NoFrameworkTestCases.csproj", "{8CBFBDBD-7066-402A-9072-223B0A02DCE7}"
EndProject
Project("{9A19103F-16F7-4668-BE54-9A1E7A4F7556}") = "VSTestCases", "VSTestCases\VSTestCases.csproj", "{BC8EE655-2D3D-4EE2-9C39-CFF975F3FB8D}"
EndProject
Project("{9A19103F-16F7-4668-BE54-9A1E7A4F7556}") = "XUnitTestCases", "XUnitTestCases\XUnitTestCases.csproj", "{37651990-D662-444A-A14E-EB50C5C8A468}"
EndProject
Project("{9A19103F-16F7-4668-BE54-9A1E7A4F7556}") = "FakeItEasyTestCases", "FakeItEasyTestCases\FakeItEasyTestCases.csproj", "{F3489AB4-6CFB-4203-ADDD-57A16EF61D07}"
EndProject
Project("{FAE04EC0-301F-11D3-BF4B-00C04F79EFBC}") = "NetFrameworkPackagesConfigTestCases", "NetFrameworkPackagesConfigTestCases\NetFrameworkPackagesConfigTestCases.csproj", "{C9229AD2-DD79-419A-B756-3E31C52D1556}"
EndProject
Project("{9A19103F-16F7-4668-BE54-9A1E7A4F7556}") = "NetStandardPropsTestCases", "NetStandardPropsTestCases\NetStandardPropsTestCases.csproj", "{8E9BB16E-9B56-4D78-8072-EFA3B7F9A660}"
EndProject
Project("{9A19103F-16F7-4668-BE54-9A1E7A4F7556}") = "MultipleFrameworkTestCases", "MultipleFrameworkTestCases\MultipleFrameworkTestCases.csproj", "{1B7BFC34-F527-4C66-81E8-0DA89DFBE3C2}"
EndProject
Global
	GlobalSection(SolutionConfigurationPlatforms) = preSolution
		Debug|Any CPU = Debug|Any CPU
		Debug|ARM = Debug|ARM
		Debug|ARM64 = Debug|ARM64
		Debug|x64 = Debug|x64
		Debug|x86 = Debug|x86
		Release|Any CPU = Release|Any CPU
		Release|ARM = Release|ARM
		Release|ARM64 = Release|ARM64
		Release|x64 = Release|x64
		Release|x86 = Release|x86
	EndGlobalSection
	GlobalSection(ProjectConfigurationPlatforms) = postSolution
		{F6B59380-49D1-4C31-84BF-CCDFC2493731}.Debug|Any CPU.ActiveCfg = Debug|Any CPU
		{F6B59380-49D1-4C31-84BF-CCDFC2493731}.Debug|Any CPU.Build.0 = Debug|Any CPU
		{F6B59380-49D1-4C31-84BF-CCDFC2493731}.Debug|ARM.ActiveCfg = Debug|Any CPU
		{F6B59380-49D1-4C31-84BF-CCDFC2493731}.Debug|ARM.Build.0 = Debug|Any CPU
		{F6B59380-49D1-4C31-84BF-CCDFC2493731}.Debug|ARM64.ActiveCfg = Debug|Any CPU
		{F6B59380-49D1-4C31-84BF-CCDFC2493731}.Debug|ARM64.Build.0 = Debug|Any CPU
		{F6B59380-49D1-4C31-84BF-CCDFC2493731}.Debug|x64.ActiveCfg = Debug|Any CPU
		{F6B59380-49D1-4C31-84BF-CCDFC2493731}.Debug|x64.Build.0 = Debug|Any CPU
		{F6B59380-49D1-4C31-84BF-CCDFC2493731}.Debug|x86.ActiveCfg = Debug|Any CPU
		{F6B59380-49D1-4C31-84BF-CCDFC2493731}.Debug|x86.Build.0 = Debug|Any CPU
		{F6B59380-49D1-4C31-84BF-CCDFC2493731}.Release|Any CPU.ActiveCfg = Release|Any CPU
		{F6B59380-49D1-4C31-84BF-CCDFC2493731}.Release|Any CPU.Build.0 = Release|Any CPU
		{F6B59380-49D1-4C31-84BF-CCDFC2493731}.Release|ARM.ActiveCfg = Release|Any CPU
		{F6B59380-49D1-4C31-84BF-CCDFC2493731}.Release|ARM.Build.0 = Release|Any CPU
		{F6B59380-49D1-4C31-84BF-CCDFC2493731}.Release|ARM64.ActiveCfg = Release|Any CPU
		{F6B59380-49D1-4C31-84BF-CCDFC2493731}.Release|ARM64.Build.0 = Release|Any CPU
		{F6B59380-49D1-4C31-84BF-CCDFC2493731}.Release|x64.ActiveCfg = Release|Any CPU
		{F6B59380-49D1-4C31-84BF-CCDFC2493731}.Release|x64.Build.0 = Release|Any CPU
		{F6B59380-49D1-4C31-84BF-CCDFC2493731}.Release|x86.ActiveCfg = Release|Any CPU
		{F6B59380-49D1-4C31-84BF-CCDFC2493731}.Release|x86.Build.0 = Release|Any CPU
		{C32102DB-DF1F-4739-A06E-6679117B32F0}.Debug|Any CPU.ActiveCfg = Debug|Any CPU
		{C32102DB-DF1F-4739-A06E-6679117B32F0}.Debug|Any CPU.Build.0 = Debug|Any CPU
		{C32102DB-DF1F-4739-A06E-6679117B32F0}.Debug|ARM.ActiveCfg = Debug|Any CPU
		{C32102DB-DF1F-4739-A06E-6679117B32F0}.Debug|ARM.Build.0 = Debug|Any CPU
		{C32102DB-DF1F-4739-A06E-6679117B32F0}.Debug|ARM64.ActiveCfg = Debug|Any CPU
		{C32102DB-DF1F-4739-A06E-6679117B32F0}.Debug|ARM64.Build.0 = Debug|Any CPU
		{C32102DB-DF1F-4739-A06E-6679117B32F0}.Debug|x64.ActiveCfg = Debug|Any CPU
		{C32102DB-DF1F-4739-A06E-6679117B32F0}.Debug|x64.Build.0 = Debug|Any CPU
		{C32102DB-DF1F-4739-A06E-6679117B32F0}.Debug|x86.ActiveCfg = Debug|Any CPU
		{C32102DB-DF1F-4739-A06E-6679117B32F0}.Debug|x86.Build.0 = Debug|Any CPU
		{C32102DB-DF1F-4739-A06E-6679117B32F0}.Release|Any CPU.ActiveCfg = Release|Any CPU
		{C32102DB-DF1F-4739-A06E-6679117B32F0}.Release|Any CPU.Build.0 = Release|Any CPU
		{C32102DB-DF1F-4739-A06E-6679117B32F0}.Release|ARM.ActiveCfg = Release|Any CPU
		{C32102DB-DF1F-4739-A06E-6679117B32F0}.Release|ARM.Build.0 = Release|Any CPU
		{C32102DB-DF1F-4739-A06E-6679117B32F0}.Release|ARM64.ActiveCfg = Release|Any CPU
		{C32102DB-DF1F-4739-A06E-6679117B32F0}.Release|ARM64.Build.0 = Release|Any CPU
		{C32102DB-DF1F-4739-A06E-6679117B32F0}.Release|x64.ActiveCfg = Release|Any CPU
		{C32102DB-DF1F-4739-A06E-6679117B32F0}.Release|x64.Build.0 = Release|Any CPU
		{C32102DB-DF1F-4739-A06E-6679117B32F0}.Release|x86.ActiveCfg = Release|Any CPU
		{C32102DB-DF1F-4739-A06E-6679117B32F0}.Release|x86.Build.0 = Release|Any CPU
		{24E3C975-2D15-430B-B451-7E46CAE74D4C}.Debug|Any CPU.ActiveCfg = Debug|Any CPU
		{24E3C975-2D15-430B-B451-7E46CAE74D4C}.Debug|Any CPU.Build.0 = Debug|Any CPU
		{24E3C975-2D15-430B-B451-7E46CAE74D4C}.Debug|ARM.ActiveCfg = Debug|Any CPU
		{24E3C975-2D15-430B-B451-7E46CAE74D4C}.Debug|ARM.Build.0 = Debug|Any CPU
		{24E3C975-2D15-430B-B451-7E46CAE74D4C}.Debug|ARM64.ActiveCfg = Debug|Any CPU
		{24E3C975-2D15-430B-B451-7E46CAE74D4C}.Debug|ARM64.Build.0 = Debug|Any CPU
		{24E3C975-2D15-430B-B451-7E46CAE74D4C}.Debug|x64.ActiveCfg = Debug|Any CPU
		{24E3C975-2D15-430B-B451-7E46CAE74D4C}.Debug|x64.Build.0 = Debug|Any CPU
		{24E3C975-2D15-430B-B451-7E46CAE74D4C}.Debug|x86.ActiveCfg = Debug|Any CPU
		{24E3C975-2D15-430B-B451-7E46CAE74D4C}.Debug|x86.Build.0 = Debug|Any CPU
		{24E3C975-2D15-430B-B451-7E46CAE74D4C}.Release|Any CPU.ActiveCfg = Release|Any CPU
		{24E3C975-2D15-430B-B451-7E46CAE74D4C}.Release|Any CPU.Build.0 = Release|Any CPU
		{24E3C975-2D15-430B-B451-7E46CAE74D4C}.Release|ARM.ActiveCfg = Release|Any CPU
		{24E3C975-2D15-430B-B451-7E46CAE74D4C}.Release|ARM.Build.0 = Release|Any CPU
		{24E3C975-2D15-430B-B451-7E46CAE74D4C}.Release|ARM64.ActiveCfg = Release|Any CPU
		{24E3C975-2D15-430B-B451-7E46CAE74D4C}.Release|ARM64.Build.0 = Release|Any CPU
		{24E3C975-2D15-430B-B451-7E46CAE74D4C}.Release|x64.ActiveCfg = Release|Any CPU
		{24E3C975-2D15-430B-B451-7E46CAE74D4C}.Release|x64.Build.0 = Release|Any CPU
		{24E3C975-2D15-430B-B451-7E46CAE74D4C}.Release|x86.ActiveCfg = Release|Any CPU
		{24E3C975-2D15-430B-B451-7E46CAE74D4C}.Release|x86.Build.0 = Release|Any CPU
		{3C3DA31F-0B80-43EC-929A-CD156DFC04E6}.Debug|Any CPU.ActiveCfg = Debug|Any CPU
		{3C3DA31F-0B80-43EC-929A-CD156DFC04E6}.Debug|Any CPU.Build.0 = Debug|Any CPU
		{3C3DA31F-0B80-43EC-929A-CD156DFC04E6}.Debug|ARM.ActiveCfg = Debug|Any CPU
		{3C3DA31F-0B80-43EC-929A-CD156DFC04E6}.Debug|ARM.Build.0 = Debug|Any CPU
		{3C3DA31F-0B80-43EC-929A-CD156DFC04E6}.Debug|ARM64.ActiveCfg = Debug|Any CPU
		{3C3DA31F-0B80-43EC-929A-CD156DFC04E6}.Debug|ARM64.Build.0 = Debug|Any CPU
		{3C3DA31F-0B80-43EC-929A-CD156DFC04E6}.Debug|x64.ActiveCfg = Debug|Any CPU
		{3C3DA31F-0B80-43EC-929A-CD156DFC04E6}.Debug|x64.Build.0 = Debug|Any CPU
		{3C3DA31F-0B80-43EC-929A-CD156DFC04E6}.Debug|x86.ActiveCfg = Debug|Any CPU
		{3C3DA31F-0B80-43EC-929A-CD156DFC04E6}.Debug|x86.Build.0 = Debug|Any CPU
		{3C3DA31F-0B80-43EC-929A-CD156DFC04E6}.Release|Any CPU.ActiveCfg = Release|Any CPU
		{3C3DA31F-0B80-43EC-929A-CD156DFC04E6}.Release|Any CPU.Build.0 = Release|Any CPU
		{3C3DA31F-0B80-43EC-929A-CD156DFC04E6}.Release|ARM.ActiveCfg = Release|Any CPU
		{3C3DA31F-0B80-43EC-929A-CD156DFC04E6}.Release|ARM.Build.0 = Release|Any CPU
		{3C3DA31F-0B80-43EC-929A-CD156DFC04E6}.Release|ARM64.ActiveCfg = Release|Any CPU
		{3C3DA31F-0B80-43EC-929A-CD156DFC04E6}.Release|ARM64.Build.0 = Release|Any CPU
		{3C3DA31F-0B80-43EC-929A-CD156DFC04E6}.Release|x64.ActiveCfg = Release|Any CPU
		{3C3DA31F-0B80-43EC-929A-CD156DFC04E6}.Release|x64.Build.0 = Release|Any CPU
		{3C3DA31F-0B80-43EC-929A-CD156DFC04E6}.Release|x86.ActiveCfg = Release|Any CPU
		{3C3DA31F-0B80-43EC-929A-CD156DFC04E6}.Release|x86.Build.0 = Release|Any CPU
		{505A7BDA-DB86-4DD0-BABE-904A13F7AF45}.Debug|Any CPU.ActiveCfg = Debug|Any CPU
		{505A7BDA-DB86-4DD0-BABE-904A13F7AF45}.Debug|Any CPU.Build.0 = Debug|Any CPU
		{505A7BDA-DB86-4DD0-BABE-904A13F7AF45}.Debug|ARM.ActiveCfg = Debug|Any CPU
		{505A7BDA-DB86-4DD0-BABE-904A13F7AF45}.Debug|ARM.Build.0 = Debug|Any CPU
		{505A7BDA-DB86-4DD0-BABE-904A13F7AF45}.Debug|ARM64.ActiveCfg = Debug|Any CPU
		{505A7BDA-DB86-4DD0-BABE-904A13F7AF45}.Debug|ARM64.Build.0 = Debug|Any CPU
		{505A7BDA-DB86-4DD0-BABE-904A13F7AF45}.Debug|x64.ActiveCfg = Debug|Any CPU
		{505A7BDA-DB86-4DD0-BABE-904A13F7AF45}.Debug|x64.Build.0 = Debug|Any CPU
		{505A7BDA-DB86-4DD0-BABE-904A13F7AF45}.Debug|x86.ActiveCfg = Debug|Any CPU
		{505A7BDA-DB86-4DD0-BABE-904A13F7AF45}.Debug|x86.Build.0 = Debug|Any CPU
		{505A7BDA-DB86-4DD0-BABE-904A13F7AF45}.Release|Any CPU.ActiveCfg = Release|Any CPU
		{505A7BDA-DB86-4DD0-BABE-904A13F7AF45}.Release|Any CPU.Build.0 = Release|Any CPU
		{505A7BDA-DB86-4DD0-BABE-904A13F7AF45}.Release|ARM.ActiveCfg = Release|Any CPU
		{505A7BDA-DB86-4DD0-BABE-904A13F7AF45}.Release|ARM.Build.0 = Release|Any CPU
		{505A7BDA-DB86-4DD0-BABE-904A13F7AF45}.Release|ARM64.ActiveCfg = Release|Any CPU
		{505A7BDA-DB86-4DD0-BABE-904A13F7AF45}.Release|ARM64.Build.0 = Release|Any CPU
		{505A7BDA-DB86-4DD0-BABE-904A13F7AF45}.Release|x64.ActiveCfg = Release|Any CPU
		{505A7BDA-DB86-4DD0-BABE-904A13F7AF45}.Release|x64.Build.0 = Release|Any CPU
		{505A7BDA-DB86-4DD0-BABE-904A13F7AF45}.Release|x86.ActiveCfg = Release|Any CPU
		{505A7BDA-DB86-4DD0-BABE-904A13F7AF45}.Release|x86.Build.0 = Release|Any CPU
		{B2E37A97-87C9-4622-A44C-7E601F470292}.Debug|Any CPU.ActiveCfg = Debug|Any CPU
		{B2E37A97-87C9-4622-A44C-7E601F470292}.Debug|Any CPU.Build.0 = Debug|Any CPU
		{B2E37A97-87C9-4622-A44C-7E601F470292}.Debug|ARM.ActiveCfg = Debug|Any CPU
		{B2E37A97-87C9-4622-A44C-7E601F470292}.Debug|ARM.Build.0 = Debug|Any CPU
		{B2E37A97-87C9-4622-A44C-7E601F470292}.Debug|ARM64.ActiveCfg = Debug|Any CPU
		{B2E37A97-87C9-4622-A44C-7E601F470292}.Debug|ARM64.Build.0 = Debug|Any CPU
		{B2E37A97-87C9-4622-A44C-7E601F470292}.Debug|x64.ActiveCfg = Debug|Any CPU
		{B2E37A97-87C9-4622-A44C-7E601F470292}.Debug|x64.Build.0 = Debug|Any CPU
		{B2E37A97-87C9-4622-A44C-7E601F470292}.Debug|x86.ActiveCfg = Debug|Any CPU
		{B2E37A97-87C9-4622-A44C-7E601F470292}.Debug|x86.Build.0 = Debug|Any CPU
		{B2E37A97-87C9-4622-A44C-7E601F470292}.Release|Any CPU.ActiveCfg = Release|Any CPU
		{B2E37A97-87C9-4622-A44C-7E601F470292}.Release|Any CPU.Build.0 = Release|Any CPU
		{B2E37A97-87C9-4622-A44C-7E601F470292}.Release|ARM.ActiveCfg = Release|Any CPU
		{B2E37A97-87C9-4622-A44C-7E601F470292}.Release|ARM.Build.0 = Release|Any CPU
		{B2E37A97-87C9-4622-A44C-7E601F470292}.Release|ARM64.ActiveCfg = Release|Any CPU
		{B2E37A97-87C9-4622-A44C-7E601F470292}.Release|ARM64.Build.0 = Release|Any CPU
		{B2E37A97-87C9-4622-A44C-7E601F470292}.Release|x64.ActiveCfg = Release|Any CPU
		{B2E37A97-87C9-4622-A44C-7E601F470292}.Release|x64.Build.0 = Release|Any CPU
		{B2E37A97-87C9-4622-A44C-7E601F470292}.Release|x86.ActiveCfg = Release|Any CPU
		{B2E37A97-87C9-4622-A44C-7E601F470292}.Release|x86.Build.0 = Release|Any CPU
		{B7F0FE83-E72A-4823-8538-13B0CA16BA01}.Debug|Any CPU.ActiveCfg = Debug|Any CPU
		{B7F0FE83-E72A-4823-8538-13B0CA16BA01}.Debug|Any CPU.Build.0 = Debug|Any CPU
		{B7F0FE83-E72A-4823-8538-13B0CA16BA01}.Debug|ARM.ActiveCfg = Debug|Any CPU
		{B7F0FE83-E72A-4823-8538-13B0CA16BA01}.Debug|ARM.Build.0 = Debug|Any CPU
		{B7F0FE83-E72A-4823-8538-13B0CA16BA01}.Debug|ARM64.ActiveCfg = Debug|Any CPU
		{B7F0FE83-E72A-4823-8538-13B0CA16BA01}.Debug|ARM64.Build.0 = Debug|Any CPU
		{B7F0FE83-E72A-4823-8538-13B0CA16BA01}.Debug|x64.ActiveCfg = Debug|Any CPU
		{B7F0FE83-E72A-4823-8538-13B0CA16BA01}.Debug|x64.Build.0 = Debug|Any CPU
		{B7F0FE83-E72A-4823-8538-13B0CA16BA01}.Debug|x86.ActiveCfg = Debug|Any CPU
		{B7F0FE83-E72A-4823-8538-13B0CA16BA01}.Debug|x86.Build.0 = Debug|Any CPU
		{B7F0FE83-E72A-4823-8538-13B0CA16BA01}.Release|Any CPU.ActiveCfg = Release|Any CPU
		{B7F0FE83-E72A-4823-8538-13B0CA16BA01}.Release|Any CPU.Build.0 = Release|Any CPU
		{B7F0FE83-E72A-4823-8538-13B0CA16BA01}.Release|ARM.ActiveCfg = Release|Any CPU
		{B7F0FE83-E72A-4823-8538-13B0CA16BA01}.Release|ARM.Build.0 = Release|Any CPU
		{B7F0FE83-E72A-4823-8538-13B0CA16BA01}.Release|ARM64.ActiveCfg = Release|Any CPU
		{B7F0FE83-E72A-4823-8538-13B0CA16BA01}.Release|ARM64.Build.0 = Release|Any CPU
		{B7F0FE83-E72A-4823-8538-13B0CA16BA01}.Release|x64.ActiveCfg = Release|Any CPU
		{B7F0FE83-E72A-4823-8538-13B0CA16BA01}.Release|x64.Build.0 = Release|Any CPU
		{B7F0FE83-E72A-4823-8538-13B0CA16BA01}.Release|x86.ActiveCfg = Release|Any CPU
		{B7F0FE83-E72A-4823-8538-13B0CA16BA01}.Release|x86.Build.0 = Release|Any CPU
		{8CBFBDBD-7066-402A-9072-223B0A02DCE7}.Debug|Any CPU.ActiveCfg = Debug|Any CPU
		{8CBFBDBD-7066-402A-9072-223B0A02DCE7}.Debug|Any CPU.Build.0 = Debug|Any CPU
		{8CBFBDBD-7066-402A-9072-223B0A02DCE7}.Debug|ARM.ActiveCfg = Debug|Any CPU
		{8CBFBDBD-7066-402A-9072-223B0A02DCE7}.Debug|ARM.Build.0 = Debug|Any CPU
		{8CBFBDBD-7066-402A-9072-223B0A02DCE7}.Debug|ARM64.ActiveCfg = Debug|Any CPU
		{8CBFBDBD-7066-402A-9072-223B0A02DCE7}.Debug|ARM64.Build.0 = Debug|Any CPU
		{8CBFBDBD-7066-402A-9072-223B0A02DCE7}.Debug|x64.ActiveCfg = Debug|Any CPU
		{8CBFBDBD-7066-402A-9072-223B0A02DCE7}.Debug|x64.Build.0 = Debug|Any CPU
		{8CBFBDBD-7066-402A-9072-223B0A02DCE7}.Debug|x86.ActiveCfg = Debug|Any CPU
		{8CBFBDBD-7066-402A-9072-223B0A02DCE7}.Debug|x86.Build.0 = Debug|Any CPU
		{8CBFBDBD-7066-402A-9072-223B0A02DCE7}.Release|Any CPU.ActiveCfg = Release|Any CPU
		{8CBFBDBD-7066-402A-9072-223B0A02DCE7}.Release|Any CPU.Build.0 = Release|Any CPU
		{8CBFBDBD-7066-402A-9072-223B0A02DCE7}.Release|ARM.ActiveCfg = Release|Any CPU
		{8CBFBDBD-7066-402A-9072-223B0A02DCE7}.Release|ARM.Build.0 = Release|Any CPU
		{8CBFBDBD-7066-402A-9072-223B0A02DCE7}.Release|ARM64.ActiveCfg = Release|Any CPU
		{8CBFBDBD-7066-402A-9072-223B0A02DCE7}.Release|ARM64.Build.0 = Release|Any CPU
		{8CBFBDBD-7066-402A-9072-223B0A02DCE7}.Release|x64.ActiveCfg = Release|Any CPU
		{8CBFBDBD-7066-402A-9072-223B0A02DCE7}.Release|x64.Build.0 = Release|Any CPU
		{8CBFBDBD-7066-402A-9072-223B0A02DCE7}.Release|x86.ActiveCfg = Release|Any CPU
		{8CBFBDBD-7066-402A-9072-223B0A02DCE7}.Release|x86.Build.0 = Release|Any CPU
		{BC8EE655-2D3D-4EE2-9C39-CFF975F3FB8D}.Debug|Any CPU.ActiveCfg = Debug|Any CPU
		{BC8EE655-2D3D-4EE2-9C39-CFF975F3FB8D}.Debug|Any CPU.Build.0 = Debug|Any CPU
		{BC8EE655-2D3D-4EE2-9C39-CFF975F3FB8D}.Debug|ARM.ActiveCfg = Debug|Any CPU
		{BC8EE655-2D3D-4EE2-9C39-CFF975F3FB8D}.Debug|ARM.Build.0 = Debug|Any CPU
		{BC8EE655-2D3D-4EE2-9C39-CFF975F3FB8D}.Debug|ARM64.ActiveCfg = Debug|Any CPU
		{BC8EE655-2D3D-4EE2-9C39-CFF975F3FB8D}.Debug|ARM64.Build.0 = Debug|Any CPU
		{BC8EE655-2D3D-4EE2-9C39-CFF975F3FB8D}.Debug|x64.ActiveCfg = Debug|Any CPU
		{BC8EE655-2D3D-4EE2-9C39-CFF975F3FB8D}.Debug|x64.Build.0 = Debug|Any CPU
		{BC8EE655-2D3D-4EE2-9C39-CFF975F3FB8D}.Debug|x86.ActiveCfg = Debug|Any CPU
		{BC8EE655-2D3D-4EE2-9C39-CFF975F3FB8D}.Debug|x86.Build.0 = Debug|Any CPU
		{BC8EE655-2D3D-4EE2-9C39-CFF975F3FB8D}.Release|Any CPU.ActiveCfg = Release|Any CPU
		{BC8EE655-2D3D-4EE2-9C39-CFF975F3FB8D}.Release|Any CPU.Build.0 = Release|Any CPU
		{BC8EE655-2D3D-4EE2-9C39-CFF975F3FB8D}.Release|ARM.ActiveCfg = Release|Any CPU
		{BC8EE655-2D3D-4EE2-9C39-CFF975F3FB8D}.Release|ARM.Build.0 = Release|Any CPU
		{BC8EE655-2D3D-4EE2-9C39-CFF975F3FB8D}.Release|ARM64.ActiveCfg = Release|Any CPU
		{BC8EE655-2D3D-4EE2-9C39-CFF975F3FB8D}.Release|ARM64.Build.0 = Release|Any CPU
		{BC8EE655-2D3D-4EE2-9C39-CFF975F3FB8D}.Release|x64.ActiveCfg = Release|Any CPU
		{BC8EE655-2D3D-4EE2-9C39-CFF975F3FB8D}.Release|x64.Build.0 = Release|Any CPU
		{BC8EE655-2D3D-4EE2-9C39-CFF975F3FB8D}.Release|x86.ActiveCfg = Release|Any CPU
		{BC8EE655-2D3D-4EE2-9C39-CFF975F3FB8D}.Release|x86.Build.0 = Release|Any CPU
		{37651990-D662-444A-A14E-EB50C5C8A468}.Debug|Any CPU.ActiveCfg = Debug|Any CPU
		{37651990-D662-444A-A14E-EB50C5C8A468}.Debug|Any CPU.Build.0 = Debug|Any CPU
		{37651990-D662-444A-A14E-EB50C5C8A468}.Debug|ARM.ActiveCfg = Debug|Any CPU
		{37651990-D662-444A-A14E-EB50C5C8A468}.Debug|ARM.Build.0 = Debug|Any CPU
		{37651990-D662-444A-A14E-EB50C5C8A468}.Debug|ARM64.ActiveCfg = Debug|Any CPU
		{37651990-D662-444A-A14E-EB50C5C8A468}.Debug|ARM64.Build.0 = Debug|Any CPU
		{37651990-D662-444A-A14E-EB50C5C8A468}.Debug|x64.ActiveCfg = Debug|Any CPU
		{37651990-D662-444A-A14E-EB50C5C8A468}.Debug|x64.Build.0 = Debug|Any CPU
		{37651990-D662-444A-A14E-EB50C5C8A468}.Debug|x86.ActiveCfg = Debug|Any CPU
		{37651990-D662-444A-A14E-EB50C5C8A468}.Debug|x86.Build.0 = Debug|Any CPU
		{37651990-D662-444A-A14E-EB50C5C8A468}.Release|Any CPU.ActiveCfg = Release|Any CPU
		{37651990-D662-444A-A14E-EB50C5C8A468}.Release|Any CPU.Build.0 = Release|Any CPU
		{37651990-D662-444A-A14E-EB50C5C8A468}.Release|ARM.ActiveCfg = Release|Any CPU
		{37651990-D662-444A-A14E-EB50C5C8A468}.Release|ARM.Build.0 = Release|Any CPU
		{37651990-D662-444A-A14E-EB50C5C8A468}.Release|ARM64.ActiveCfg = Release|Any CPU
		{37651990-D662-444A-A14E-EB50C5C8A468}.Release|ARM64.Build.0 = Release|Any CPU
		{37651990-D662-444A-A14E-EB50C5C8A468}.Release|x64.ActiveCfg = Release|Any CPU
		{37651990-D662-444A-A14E-EB50C5C8A468}.Release|x64.Build.0 = Release|Any CPU
		{37651990-D662-444A-A14E-EB50C5C8A468}.Release|x86.ActiveCfg = Release|Any CPU
		{37651990-D662-444A-A14E-EB50C5C8A468}.Release|x86.Build.0 = Release|Any CPU
		{F3489AB4-6CFB-4203-ADDD-57A16EF61D07}.Debug|Any CPU.ActiveCfg = Debug|Any CPU
		{F3489AB4-6CFB-4203-ADDD-57A16EF61D07}.Debug|Any CPU.Build.0 = Debug|Any CPU
		{F3489AB4-6CFB-4203-ADDD-57A16EF61D07}.Debug|ARM.ActiveCfg = Debug|Any CPU
		{F3489AB4-6CFB-4203-ADDD-57A16EF61D07}.Debug|ARM.Build.0 = Debug|Any CPU
		{F3489AB4-6CFB-4203-ADDD-57A16EF61D07}.Debug|ARM64.ActiveCfg = Debug|Any CPU
		{F3489AB4-6CFB-4203-ADDD-57A16EF61D07}.Debug|ARM64.Build.0 = Debug|Any CPU
		{F3489AB4-6CFB-4203-ADDD-57A16EF61D07}.Debug|x64.ActiveCfg = Debug|Any CPU
		{F3489AB4-6CFB-4203-ADDD-57A16EF61D07}.Debug|x64.Build.0 = Debug|Any CPU
		{F3489AB4-6CFB-4203-ADDD-57A16EF61D07}.Debug|x86.ActiveCfg = Debug|Any CPU
		{F3489AB4-6CFB-4203-ADDD-57A16EF61D07}.Debug|x86.Build.0 = Debug|Any CPU
		{F3489AB4-6CFB-4203-ADDD-57A16EF61D07}.Release|Any CPU.ActiveCfg = Release|Any CPU
		{F3489AB4-6CFB-4203-ADDD-57A16EF61D07}.Release|Any CPU.Build.0 = Release|Any CPU
		{F3489AB4-6CFB-4203-ADDD-57A16EF61D07}.Release|ARM.ActiveCfg = Release|Any CPU
		{F3489AB4-6CFB-4203-ADDD-57A16EF61D07}.Release|ARM.Build.0 = Release|Any CPU
		{F3489AB4-6CFB-4203-ADDD-57A16EF61D07}.Release|ARM64.ActiveCfg = Release|Any CPU
		{F3489AB4-6CFB-4203-ADDD-57A16EF61D07}.Release|ARM64.Build.0 = Release|Any CPU
		{F3489AB4-6CFB-4203-ADDD-57A16EF61D07}.Release|x64.ActiveCfg = Release|Any CPU
		{F3489AB4-6CFB-4203-ADDD-57A16EF61D07}.Release|x64.Build.0 = Release|Any CPU
		{F3489AB4-6CFB-4203-ADDD-57A16EF61D07}.Release|x86.ActiveCfg = Release|Any CPU
		{F3489AB4-6CFB-4203-ADDD-57A16EF61D07}.Release|x86.Build.0 = Release|Any CPU
		{C9229AD2-DD79-419A-B756-3E31C52D1556}.Debug|Any CPU.ActiveCfg = Debug|Any CPU
		{C9229AD2-DD79-419A-B756-3E31C52D1556}.Debug|Any CPU.Build.0 = Debug|Any CPU
		{C9229AD2-DD79-419A-B756-3E31C52D1556}.Debug|ARM.ActiveCfg = Debug|Any CPU
		{C9229AD2-DD79-419A-B756-3E31C52D1556}.Debug|ARM.Build.0 = Debug|Any CPU
		{C9229AD2-DD79-419A-B756-3E31C52D1556}.Debug|ARM64.ActiveCfg = Debug|Any CPU
		{C9229AD2-DD79-419A-B756-3E31C52D1556}.Debug|ARM64.Build.0 = Debug|Any CPU
		{C9229AD2-DD79-419A-B756-3E31C52D1556}.Debug|x64.ActiveCfg = Debug|Any CPU
		{C9229AD2-DD79-419A-B756-3E31C52D1556}.Debug|x64.Build.0 = Debug|Any CPU
		{C9229AD2-DD79-419A-B756-3E31C52D1556}.Debug|x86.ActiveCfg = Debug|Any CPU
		{C9229AD2-DD79-419A-B756-3E31C52D1556}.Debug|x86.Build.0 = Debug|Any CPU
		{C9229AD2-DD79-419A-B756-3E31C52D1556}.Release|Any CPU.ActiveCfg = Release|Any CPU
		{C9229AD2-DD79-419A-B756-3E31C52D1556}.Release|Any CPU.Build.0 = Release|Any CPU
		{C9229AD2-DD79-419A-B756-3E31C52D1556}.Release|ARM.ActiveCfg = Release|Any CPU
		{C9229AD2-DD79-419A-B756-3E31C52D1556}.Release|ARM.Build.0 = Release|Any CPU
		{C9229AD2-DD79-419A-B756-3E31C52D1556}.Release|ARM64.ActiveCfg = Release|Any CPU
		{C9229AD2-DD79-419A-B756-3E31C52D1556}.Release|ARM64.Build.0 = Release|Any CPU
		{C9229AD2-DD79-419A-B756-3E31C52D1556}.Release|x64.ActiveCfg = Release|Any CPU
		{C9229AD2-DD79-419A-B756-3E31C52D1556}.Release|x64.Build.0 = Release|Any CPU
		{C9229AD2-DD79-419A-B756-3E31C52D1556}.Release|x86.ActiveCfg = Release|Any CPU
		{C9229AD2-DD79-419A-B756-3E31C52D1556}.Release|x86.Build.0 = Release|Any CPU
		{8E9BB16E-9B56-4D78-8072-EFA3B7F9A660}.Debug|Any CPU.ActiveCfg = Debug|Any CPU
		{8E9BB16E-9B56-4D78-8072-EFA3B7F9A660}.Debug|Any CPU.Build.0 = Debug|Any CPU
		{8E9BB16E-9B56-4D78-8072-EFA3B7F9A660}.Debug|ARM.ActiveCfg = Debug|Any CPU
		{8E9BB16E-9B56-4D78-8072-EFA3B7F9A660}.Debug|ARM.Build.0 = Debug|Any CPU
		{8E9BB16E-9B56-4D78-8072-EFA3B7F9A660}.Debug|ARM64.ActiveCfg = Debug|Any CPU
		{8E9BB16E-9B56-4D78-8072-EFA3B7F9A660}.Debug|ARM64.Build.0 = Debug|Any CPU
		{8E9BB16E-9B56-4D78-8072-EFA3B7F9A660}.Debug|x64.ActiveCfg = Debug|Any CPU
		{8E9BB16E-9B56-4D78-8072-EFA3B7F9A660}.Debug|x64.Build.0 = Debug|Any CPU
		{8E9BB16E-9B56-4D78-8072-EFA3B7F9A660}.Debug|x86.ActiveCfg = Debug|Any CPU
		{8E9BB16E-9B56-4D78-8072-EFA3B7F9A660}.Debug|x86.Build.0 = Debug|Any CPU
		{8E9BB16E-9B56-4D78-8072-EFA3B7F9A660}.Release|Any CPU.ActiveCfg = Release|Any CPU
		{8E9BB16E-9B56-4D78-8072-EFA3B7F9A660}.Release|Any CPU.Build.0 = Release|Any CPU
		{8E9BB16E-9B56-4D78-8072-EFA3B7F9A660}.Release|ARM.ActiveCfg = Release|Any CPU
		{8E9BB16E-9B56-4D78-8072-EFA3B7F9A660}.Release|ARM.Build.0 = Release|Any CPU
		{8E9BB16E-9B56-4D78-8072-EFA3B7F9A660}.Release|ARM64.ActiveCfg = Release|Any CPU
		{8E9BB16E-9B56-4D78-8072-EFA3B7F9A660}.Release|ARM64.Build.0 = Release|Any CPU
		{8E9BB16E-9B56-4D78-8072-EFA3B7F9A660}.Release|x64.ActiveCfg = Release|Any CPU
		{8E9BB16E-9B56-4D78-8072-EFA3B7F9A660}.Release|x64.Build.0 = Release|Any CPU
		{8E9BB16E-9B56-4D78-8072-EFA3B7F9A660}.Release|x86.ActiveCfg = Release|Any CPU
		{8E9BB16E-9B56-4D78-8072-EFA3B7F9A660}.Release|x86.Build.0 = Release|Any CPU
		{1B7BFC34-F527-4C66-81E8-0DA89DFBE3C2}.Debug|Any CPU.ActiveCfg = Debug|Any CPU
		{1B7BFC34-F527-4C66-81E8-0DA89DFBE3C2}.Debug|Any CPU.Build.0 = Debug|Any CPU
		{1B7BFC34-F527-4C66-81E8-0DA89DFBE3C2}.Debug|ARM.ActiveCfg = Debug|Any CPU
		{1B7BFC34-F527-4C66-81E8-0DA89DFBE3C2}.Debug|ARM.Build.0 = Debug|Any CPU
		{1B7BFC34-F527-4C66-81E8-0DA89DFBE3C2}.Debug|ARM64.ActiveCfg = Debug|Any CPU
		{1B7BFC34-F527-4C66-81E8-0DA89DFBE3C2}.Debug|ARM64.Build.0 = Debug|Any CPU
		{1B7BFC34-F527-4C66-81E8-0DA89DFBE3C2}.Debug|x64.ActiveCfg = Debug|Any CPU
		{1B7BFC34-F527-4C66-81E8-0DA89DFBE3C2}.Debug|x64.Build.0 = Debug|Any CPU
		{1B7BFC34-F527-4C66-81E8-0DA89DFBE3C2}.Debug|x86.ActiveCfg = Debug|Any CPU
		{1B7BFC34-F527-4C66-81E8-0DA89DFBE3C2}.Debug|x86.Build.0 = Debug|Any CPU
		{1B7BFC34-F527-4C66-81E8-0DA89DFBE3C2}.Release|Any CPU.ActiveCfg = Release|Any CPU
		{1B7BFC34-F527-4C66-81E8-0DA89DFBE3C2}.Release|Any CPU.Build.0 = Release|Any CPU
		{1B7BFC34-F527-4C66-81E8-0DA89DFBE3C2}.Release|ARM.ActiveCfg = Release|Any CPU
		{1B7BFC34-F527-4C66-81E8-0DA89DFBE3C2}.Release|ARM.Build.0 = Release|Any CPU
		{1B7BFC34-F527-4C66-81E8-0DA89DFBE3C2}.Release|ARM64.ActiveCfg = Release|Any CPU
		{1B7BFC34-F527-4C66-81E8-0DA89DFBE3C2}.Release|ARM64.Build.0 = Release|Any CPU
		{1B7BFC34-F527-4C66-81E8-0DA89DFBE3C2}.Release|x64.ActiveCfg = Release|Any CPU
		{1B7BFC34-F527-4C66-81E8-0DA89DFBE3C2}.Release|x64.Build.0 = Release|Any CPU
		{1B7BFC34-F527-4C66-81E8-0DA89DFBE3C2}.Release|x86.ActiveCfg = Release|Any CPU
		{1B7BFC34-F527-4C66-81E8-0DA89DFBE3C2}.Release|x86.Build.0 = Release|Any CPU
	EndGlobalSection
	GlobalSection(SolutionProperties) = preSolution
		HideSolutionNode = FALSE
	EndGlobalSection
	GlobalSection(ExtensibilityGlobals) = postSolution
		SolutionGuid = {B571CBA1-EA65-4FF5-973B-03FACB668D64}
	EndGlobalSection
EndGlobal
